{
  "name": "@eqproject/eqp-lookup",
  "version": "3.0.0",
  "lockfileVersion": 3,
  "requires": true,
  "packages": {
    "": {
      "name": "@eqproject/eqp-lookup",
      "version": "3.0.0",
      "license": "MIT",
      "dependencies": {
        "tslib": "^2.6.2"
      },
      "peerDependencies": {
        "@angular/animations": "^17.0.4",
        "@angular/common": "^17.0.4",
        "@angular/core": "^17.0.4",
        "@angular/forms": "^17.0.4",
        "@ng-select/ng-select": "^12.0.4"
      }
    },
    "node_modules/tslib": {
      "version": "2.6.2",
      "resolved": "https://registry.npmjs.org/tslib/-/tslib-2.6.2.tgz",
      "integrity": "sha512-AEYxH93jGFPn/a2iVAwW87VuUIkR1FVUKB77NwMF7nBTDkDrrT/Hpt/IrCJ0QXhW27jTBDcf5ZY7w6RiqTMw2Q=="
    }
  }
}
