{
  "name": "@eqproject/eqp-editor",
  "version": "3.0.0",
  "lockfileVersion": 3,
  "requires": true,
  "packages": {
    "": {
      "name": "@eqproject/eqp-editor",
      "version": "3.0.0",
      "dependencies": {
        "@angular/platform-browser": "15.2.10",
        "@angular/platform-browser-dynamic": "15.2.10",
        "@ngx-translate/core": "^15.0.0",
        "@ngx-translate/http-loader": "^8.0.0",
        "@syncfusion/ej2-angular-base": "23.2.5",
        "@syncfusion/ej2-angular-buttons": "23.2.7",
        "@syncfusion/ej2-angular-documenteditor": "25.1.37",
        "@syncfusion/ej2-angular-dropdowns": "23.2.7",
        "@syncfusion/ej2-angular-inputs": "23.2.4",
        "@syncfusion/ej2-angular-navigations": "23.2.7",
        "@syncfusion/ej2-base": "23.2.6",
        "@syncfusion/ej2-buttons": "23.2.7",
        "@syncfusion/ej2-documenteditor": "25.1.37",
        "@syncfusion/ej2-dropdowns": "23.2.7",
        "@syncfusion/ej2-inputs": "23.2.4",
        "@syncfusion/ej2-lists": "23.2.4",
        "@syncfusion/ej2-navigations": "23.2.7",
        "@syncfusion/ej2-popups": "23.2.4",
        "@syncfusion/ej2-splitbuttons": "23.2.4"
      },
      "peerDependencies": {
        "@angular/common": "^17.0.4",
        "@angular/core": "^17.0.4",
        "tslib": "^2.6.2"
      }
    },
    "node_modules/@angular/platform-browser": {
      "version": "15.2.10",
      "resolved": "https://registry.npmjs.org/@angular/platform-browser/-/platform-browser-15.2.10.tgz",
      "integrity": "sha512-9tbgVGSJqwfrOzT8aA/kWBLNhJSQ9gUg0CJxwFBSJm8VkBUJrszoBlDsnSvlxx8/W2ejNULKHFTXeUzq0O/+RQ==",
      "dependencies": {
        "tslib": "^2.3.0"
      },
      "engines": {
        "node": "^14.20.0 || ^16.13.0 || >=18.10.0"
      },
      "peerDependencies": {
        "@angular/animations": "15.2.10",
        "@angular/common": "15.2.10",
        "@angular/core": "15.2.10"
      },
      "peerDependenciesMeta": {
        "@angular/animations": {
          "optional": true
        }
      }
    },
    "node_modules/@angular/platform-browser-dynamic": {
      "version": "15.2.10",
      "resolved": "https://registry.npmjs.org/@angular/platform-browser-dynamic/-/platform-browser-dynamic-15.2.10.tgz",
      "integrity": "sha512-JHP6W+FX715Qv7DhqvfZLuBZXSDJrboiQsR06gUAgDSjAUyhbqmpVg/2YOtgeWpPkzNDtXdPU2PhcRdIv5J3Yg==",
      "dependencies": {
        "tslib": "^2.3.0"
      },
      "engines": {
        "node": "^14.20.0 || ^16.13.0 || >=18.10.0"
      },
      "peerDependencies": {
        "@angular/common": "15.2.10",
        "@angular/compiler": "15.2.10",
        "@angular/core": "15.2.10",
        "@angular/platform-browser": "15.2.10"
      }
    },
    "node_modules/@ngx-translate/core": {
      "version": "15.0.0",
      "resolved": "https://registry.npmjs.org/@ngx-translate/core/-/core-15.0.0.tgz",
      "integrity": "sha512-Am5uiuR0bOOxyoercDnAA3rJVizo4RRqJHo8N3RqJ+XfzVP/I845yEnMADykOHvM6HkVm4SZSnJBOiz0Anx5BA==",
      "engines": {
        "node": "^16.13.0 || >=18.10.0"
      },
      "peerDependencies": {
        "@angular/common": ">=16.0.0",
        "@angular/core": ">=16.0.0",
        "rxjs": "^6.5.5 || ^7.4.0"
      }
    },
    "node_modules/@ngx-translate/http-loader": {
      "version": "8.0.0",
      "resolved": "https://registry.npmjs.org/@ngx-translate/http-loader/-/http-loader-8.0.0.tgz",
      "integrity": "sha512-SFMsdUcmHF5OdZkL1CHEoSAwbP5EbAOPTLLboOCRRoOg21P4GJx+51jxGdJeGve6LSKLf4Pay7BkTwmE6vxYlg==",
      "engines": {
        "node": "^16.13.0 || >=18.10.0"
      },
      "peerDependencies": {
        "@angular/common": ">=16.0.0",
        "@angular/core": ">=16.0.0",
        "@ngx-translate/core": ">=15.0.0",
        "rxjs": "^6.5.5 || ^7.4.0"
      }
    },
    "node_modules/@syncfusion/ej2-angular-base": {
      "version": "23.2.5",
      "resolved": "https://registry.npmjs.org/@syncfusion/ej2-angular-base/-/ej2-angular-base-23.2.5.tgz",
      "integrity": "sha512-OPQIfTWrTHrSFHlpIWRjvI4+t8XHlsr/BvS/y0KYjO8+WSLf0q3q5avnPcZ5Qp/5FL3Ahid2M2JWNFWx3NPCMQ==",
      "hasInstallScript": true,
      "dependencies": {
        "@syncfusion/ej2-base": "~23.2.4",
        "@syncfusion/ej2-icons": "~23.2.4",
        "core-js": "^3.4.8",
        "reflect-metadata": "^0.1.9",
        "rxjs": "^6.5.4",
        "rxjs-compat": "^6.5.4",
        "zone.js": "^0.10.2"
      }
    },
    "node_modules/@syncfusion/ej2-angular-buttons": {
      "version": "23.2.7",
      "resolved": "https://registry.npmjs.org/@syncfusion/ej2-angular-buttons/-/ej2-angular-buttons-23.2.7.tgz",
      "integrity": "sha512-rren1gEe32EYgSA++n3HyTBCoecLR8eQSRtQPU1f9y8SNEc7W7th2EJQLCH8gFJt+lx50cnGFiBTAXll5Him4Q==",
      "dependencies": {
        "@syncfusion/ej2-angular-base": "~23.2.5",
        "@syncfusion/ej2-base": "~23.2.6",
        "@syncfusion/ej2-buttons": "23.2.7",
        "tslib": "^2.3.0"
      }
    },
    "node_modules/@syncfusion/ej2-angular-documenteditor": {
      "version": "25.1.37",
      "resolved": "https://registry.npmjs.org/@syncfusion/ej2-angular-documenteditor/-/ej2-angular-documenteditor-25.1.37.tgz",
      "integrity": "sha512-lblFlyk2A4T1JsK7ZaD2/1NSbToH/oj8mfgP/YZ9wB0meHLg3LWRdImja4F5lOeduwcKsvOYPml+h0Jb5mVMkg==",
      "dependencies": {
        "@syncfusion/ej2-angular-base": "~25.1.37",
        "@syncfusion/ej2-base": "~25.1.35",
        "@syncfusion/ej2-documenteditor": "25.1.37",
        "tslib": "^2.3.0"
      }
    },
    "node_modules/@syncfusion/ej2-angular-documenteditor/node_modules/@syncfusion/ej2-angular-base": {
      "version": "25.1.37",
      "resolved": "https://registry.npmjs.org/@syncfusion/ej2-angular-base/-/ej2-angular-base-25.1.37.tgz",
      "integrity": "sha512-R90bSxbdLheCzrlGLjfsrCg/0WXJD3F3jPmZQCdHjrdmwmTsrEkTXwDYURd2wQsF4fsAI/qxdzehhbA29TL1XA==",
      "hasInstallScript": true,
      "dependencies": {
        "@syncfusion/ej2-base": "~25.1.35",
        "@syncfusion/ej2-icons": "~25.1.35"
      }
    },
    "node_modules/@syncfusion/ej2-angular-documenteditor/node_modules/@syncfusion/ej2-base": {
      "version": "25.1.35",
      "resolved": "https://registry.npmjs.org/@syncfusion/ej2-base/-/ej2-base-25.1.35.tgz",
      "integrity": "sha512-eH/zLft7j5jhbNquVNcKoDmlx+ZU/77mHAJwpG9Ad4+C/+7UcWlIi/RDORJ0QreosZM4gMyCYzxDAZ5QOI3txw==",
      "dependencies": {
        "@syncfusion/ej2-icons": "~25.1.35"
      },
      "bin": {
        "syncfusion-license": "bin/syncfusion-license.js"
      }
    },
    "node_modules/@syncfusion/ej2-angular-documenteditor/node_modules/@syncfusion/ej2-icons": {
      "version": "25.1.35",
      "resolved": "https://registry.npmjs.org/@syncfusion/ej2-icons/-/ej2-icons-25.1.35.tgz",
      "integrity": "sha512-E8ypbeB9ISTsaj8Q29w3Ysh6HG35GOdTjfaU6JTCaZ9wP30q04B4WfN9lqcd42Q198qhynFAXd3lJyYev68aGw=="
    },
    "node_modules/@syncfusion/ej2-angular-dropdowns": {
      "version": "23.2.7",
      "resolved": "https://registry.npmjs.org/@syncfusion/ej2-angular-dropdowns/-/ej2-angular-dropdowns-23.2.7.tgz",
      "integrity": "sha512-2zd6QkfMqaH2K1H7KJV5FDveD6oEQRkifKeH+tCagxbVoe56bY8I07Rg+P8f8u5dXrqQy9xFP5t0HXX8W0A5VA==",
      "dependencies": {
        "@syncfusion/ej2-angular-base": "~23.2.5",
        "@syncfusion/ej2-base": "~23.2.6",
        "@syncfusion/ej2-dropdowns": "23.2.7",
        "tslib": "^2.3.0"
      }
    },
    "node_modules/@syncfusion/ej2-angular-inputs": {
      "version": "23.2.4",
      "resolved": "https://registry.npmjs.org/@syncfusion/ej2-angular-inputs/-/ej2-angular-inputs-23.2.4.tgz",
      "integrity": "sha512-qgDsxYQJkF9eCxslGY1RHouivr7dI6KargiWt/tVQoc4Tc9tOX4ngXgRszEBVSLU7QGrrKXAk0ICck+AoXrOqw==",
      "dependencies": {
        "@syncfusion/ej2-angular-base": "~23.2.4",
        "@syncfusion/ej2-base": "~23.2.4",
        "@syncfusion/ej2-inputs": "23.2.4",
        "tslib": "^2.3.0"
      }
    },
    "node_modules/@syncfusion/ej2-angular-navigations": {
      "version": "23.2.7",
      "resolved": "https://registry.npmjs.org/@syncfusion/ej2-angular-navigations/-/ej2-angular-navigations-23.2.7.tgz",
      "integrity": "sha512-10NhDUVRShxcn2Ed8Jm0aIqGLrbbdXOk/Ua6ykKW/EZp/lKBaBExu11+ozIDoQmlnKvGJuxSops3JXx0JsLY2g==",
      "dependencies": {
        "@syncfusion/ej2-angular-base": "~23.2.5",
        "@syncfusion/ej2-base": "~23.2.6",
        "@syncfusion/ej2-navigations": "23.2.7",
        "tslib": "^2.3.0"
      }
    },
    "node_modules/@syncfusion/ej2-base": {
      "version": "23.2.6",
      "resolved": "https://registry.npmjs.org/@syncfusion/ej2-base/-/ej2-base-23.2.6.tgz",
      "integrity": "sha512-EuMzCLpSSuRrslC03Kilim7Vdu1Kc5x5cYTEyXef1lYsWKjAiewqI/bvD4kqdTClaxtl+TcNfjQHEngYhuIU6w==",
      "dependencies": {
        "@syncfusion/ej2-icons": "~23.2.4"
      },
      "bin": {
        "syncfusion-license": "bin/syncfusion-license.js"
      }
    },
    "node_modules/@syncfusion/ej2-buttons": {
      "version": "23.2.7",
      "resolved": "https://registry.npmjs.org/@syncfusion/ej2-buttons/-/ej2-buttons-23.2.7.tgz",
      "integrity": "sha512-a7/NHBABXTYs5s4uIOokKVvh29DzS86yH9G9qZfqfhfgUvoO4LDg8HY2ifshM5b2Zun8cyP6OgNoPBZRGjy67g==",
      "dependencies": {
        "@syncfusion/ej2-base": "~23.2.6"
      }
    },
    "node_modules/@syncfusion/ej2-calendars": {
      "version": "25.1.37",
      "resolved": "https://registry.npmjs.org/@syncfusion/ej2-calendars/-/ej2-calendars-25.1.37.tgz",
      "integrity": "sha512-zr3RiG/uDBZyUoZ7/+F8/pw/hjzDoN6lhqChF1x1ob+X99GFAfLopDudd8CwqSpXbFaLWEf8HHW3FLwrEdmlcg==",
      "dependencies": {
        "@syncfusion/ej2-base": "~25.1.35",
        "@syncfusion/ej2-buttons": "~25.1.35",
        "@syncfusion/ej2-inputs": "~25.1.37",
        "@syncfusion/ej2-lists": "~25.1.35",
        "@syncfusion/ej2-popups": "~25.1.35"
      }
    },
    "node_modules/@syncfusion/ej2-calendars/node_modules/@syncfusion/ej2-base": {
      "version": "25.1.35",
      "resolved": "https://registry.npmjs.org/@syncfusion/ej2-base/-/ej2-base-25.1.35.tgz",
      "integrity": "sha512-eH/zLft7j5jhbNquVNcKoDmlx+ZU/77mHAJwpG9Ad4+C/+7UcWlIi/RDORJ0QreosZM4gMyCYzxDAZ5QOI3txw==",
      "dependencies": {
        "@syncfusion/ej2-icons": "~25.1.35"
      },
      "bin": {
        "syncfusion-license": "bin/syncfusion-license.js"
      }
    },
    "node_modules/@syncfusion/ej2-calendars/node_modules/@syncfusion/ej2-buttons": {
      "version": "25.1.35",
      "resolved": "https://registry.npmjs.org/@syncfusion/ej2-buttons/-/ej2-buttons-25.1.35.tgz",
      "integrity": "sha512-4a3+OAkHdaJTxRd/QJln7PglxDeRa9yGpnuFUDOUaA0sf7gvBKumBg5JP1llSpblKaK7JSRs42QOL/EG/d075g==",
      "dependencies": {
        "@syncfusion/ej2-base": "~25.1.35"
      }
    },
    "node_modules/@syncfusion/ej2-calendars/node_modules/@syncfusion/ej2-data": {
      "version": "25.1.35",
      "resolved": "https://registry.npmjs.org/@syncfusion/ej2-data/-/ej2-data-25.1.35.tgz",
      "integrity": "sha512-eHWkoQcokKFiLUMpcw2IM1ul9v8HeRgIrUzowyWPpamuZASX8luczDy3VLR5AX0YeiE9aNv3QKsr04t4F1GRcQ==",
      "dependencies": {
        "@syncfusion/ej2-base": "~25.1.35"
      }
    },
    "node_modules/@syncfusion/ej2-calendars/node_modules/@syncfusion/ej2-icons": {
      "version": "25.1.35",
      "resolved": "https://registry.npmjs.org/@syncfusion/ej2-icons/-/ej2-icons-25.1.35.tgz",
      "integrity": "sha512-E8ypbeB9ISTsaj8Q29w3Ysh6HG35GOdTjfaU6JTCaZ9wP30q04B4WfN9lqcd42Q198qhynFAXd3lJyYev68aGw=="
    },
    "node_modules/@syncfusion/ej2-calendars/node_modules/@syncfusion/ej2-inputs": {
      "version": "25.1.37",
      "resolved": "https://registry.npmjs.org/@syncfusion/ej2-inputs/-/ej2-inputs-25.1.37.tgz",
      "integrity": "sha512-nXc2o1S4gm0Hqt5p4kczFw4jHJ6ekmUmpfSuiFcb9/xvIZRTqOEoVv/mJjh5rnps+JghQ9stvfasAFye8/cfjg==",
      "dependencies": {
        "@syncfusion/ej2-base": "~25.1.35",
        "@syncfusion/ej2-buttons": "~25.1.35",
        "@syncfusion/ej2-popups": "~25.1.35",
        "@syncfusion/ej2-splitbuttons": "~25.1.37"
      }
    },
    "node_modules/@syncfusion/ej2-calendars/node_modules/@syncfusion/ej2-lists": {
      "version": "25.1.35",
      "resolved": "https://registry.npmjs.org/@syncfusion/ej2-lists/-/ej2-lists-25.1.35.tgz",
      "integrity": "sha512-7aFOGU67t3V/AGTB/N4mU1eVGSYhPCwkPXsvsl4BN/YcrsthdC90AXbrKgUb3Hwbuynps+du/nEDH8ujK8LNRg==",
      "dependencies": {
        "@syncfusion/ej2-base": "~25.1.35",
        "@syncfusion/ej2-buttons": "~25.1.35",
        "@syncfusion/ej2-data": "~25.1.35",
        "@syncfusion/ej2-popups": "~25.1.35"
      }
    },
    "node_modules/@syncfusion/ej2-calendars/node_modules/@syncfusion/ej2-popups": {
      "version": "25.1.35",
      "resolved": "https://registry.npmjs.org/@syncfusion/ej2-popups/-/ej2-popups-25.1.35.tgz",
      "integrity": "sha512-tuo2YpcnCWFZntR77Cy/8rrWWAgLgxiGQC2ffXD2fnwuw5+Sp04MagefyoriAOMglXQHvNh2e+9//pVDA0NcmA==",
      "dependencies": {
        "@syncfusion/ej2-base": "~25.1.35",
        "@syncfusion/ej2-buttons": "~25.1.35"
      }
    },
    "node_modules/@syncfusion/ej2-calendars/node_modules/@syncfusion/ej2-splitbuttons": {
      "version": "25.1.37",
      "resolved": "https://registry.npmjs.org/@syncfusion/ej2-splitbuttons/-/ej2-splitbuttons-25.1.37.tgz",
      "integrity": "sha512-N5IC6r7DBZgDh/MM1x5YezOiQfG2acjr6TKzANJd/OBeU70sOovwQTevfu6Pxa/2xCbdPCKwq7+95X1Zxx2Y2Q==",
      "dependencies": {
        "@syncfusion/ej2-base": "~25.1.35",
        "@syncfusion/ej2-popups": "~25.1.35"
      }
    },
    "node_modules/@syncfusion/ej2-charts": {
      "version": "25.1.37",
      "resolved": "https://registry.npmjs.org/@syncfusion/ej2-charts/-/ej2-charts-25.1.37.tgz",
      "integrity": "sha512-LB8GwDhZIqQ8mPF8TE+BKVLdHWGQ+S8RswLOy9yBhglgK5trb/BwGD3GviJVj3YkJXtDkrPBHF0mK2EKvVYUsg==",
      "dependencies": {
        "@syncfusion/ej2-base": "~25.1.35",
        "@syncfusion/ej2-calendars": "~25.1.37",
        "@syncfusion/ej2-data": "~25.1.35",
        "@syncfusion/ej2-excel-export": "~25.1.35",
        "@syncfusion/ej2-navigations": "~25.1.37",
        "@syncfusion/ej2-pdf-export": "~25.1.35",
        "@syncfusion/ej2-svg-base": "~25.1.37"
      }
    },
    "node_modules/@syncfusion/ej2-charts/node_modules/@syncfusion/ej2-base": {
      "version": "25.1.35",
      "resolved": "https://registry.npmjs.org/@syncfusion/ej2-base/-/ej2-base-25.1.35.tgz",
      "integrity": "sha512-eH/zLft7j5jhbNquVNcKoDmlx+ZU/77mHAJwpG9Ad4+C/+7UcWlIi/RDORJ0QreosZM4gMyCYzxDAZ5QOI3txw==",
      "dependencies": {
        "@syncfusion/ej2-icons": "~25.1.35"
      },
      "bin": {
        "syncfusion-license": "bin/syncfusion-license.js"
      }
    },
    "node_modules/@syncfusion/ej2-charts/node_modules/@syncfusion/ej2-buttons": {
      "version": "25.1.35",
      "resolved": "https://registry.npmjs.org/@syncfusion/ej2-buttons/-/ej2-buttons-25.1.35.tgz",
      "integrity": "sha512-4a3+OAkHdaJTxRd/QJln7PglxDeRa9yGpnuFUDOUaA0sf7gvBKumBg5JP1llSpblKaK7JSRs42QOL/EG/d075g==",
      "dependencies": {
        "@syncfusion/ej2-base": "~25.1.35"
      }
    },
    "node_modules/@syncfusion/ej2-charts/node_modules/@syncfusion/ej2-data": {
      "version": "25.1.35",
      "resolved": "https://registry.npmjs.org/@syncfusion/ej2-data/-/ej2-data-25.1.35.tgz",
      "integrity": "sha512-eHWkoQcokKFiLUMpcw2IM1ul9v8HeRgIrUzowyWPpamuZASX8luczDy3VLR5AX0YeiE9aNv3QKsr04t4F1GRcQ==",
      "dependencies": {
        "@syncfusion/ej2-base": "~25.1.35"
      }
    },
    "node_modules/@syncfusion/ej2-charts/node_modules/@syncfusion/ej2-icons": {
      "version": "25.1.35",
      "resolved": "https://registry.npmjs.org/@syncfusion/ej2-icons/-/ej2-icons-25.1.35.tgz",
      "integrity": "sha512-E8ypbeB9ISTsaj8Q29w3Ysh6HG35GOdTjfaU6JTCaZ9wP30q04B4WfN9lqcd42Q198qhynFAXd3lJyYev68aGw=="
    },
    "node_modules/@syncfusion/ej2-charts/node_modules/@syncfusion/ej2-inputs": {
      "version": "25.1.37",
      "resolved": "https://registry.npmjs.org/@syncfusion/ej2-inputs/-/ej2-inputs-25.1.37.tgz",
      "integrity": "sha512-nXc2o1S4gm0Hqt5p4kczFw4jHJ6ekmUmpfSuiFcb9/xvIZRTqOEoVv/mJjh5rnps+JghQ9stvfasAFye8/cfjg==",
      "dependencies": {
        "@syncfusion/ej2-base": "~25.1.35",
        "@syncfusion/ej2-buttons": "~25.1.35",
        "@syncfusion/ej2-popups": "~25.1.35",
        "@syncfusion/ej2-splitbuttons": "~25.1.37"
      }
    },
    "node_modules/@syncfusion/ej2-charts/node_modules/@syncfusion/ej2-lists": {
      "version": "25.1.35",
      "resolved": "https://registry.npmjs.org/@syncfusion/ej2-lists/-/ej2-lists-25.1.35.tgz",
      "integrity": "sha512-7aFOGU67t3V/AGTB/N4mU1eVGSYhPCwkPXsvsl4BN/YcrsthdC90AXbrKgUb3Hwbuynps+du/nEDH8ujK8LNRg==",
      "dependencies": {
        "@syncfusion/ej2-base": "~25.1.35",
        "@syncfusion/ej2-buttons": "~25.1.35",
        "@syncfusion/ej2-data": "~25.1.35",
        "@syncfusion/ej2-popups": "~25.1.35"
      }
    },
    "node_modules/@syncfusion/ej2-charts/node_modules/@syncfusion/ej2-navigations": {
      "version": "25.1.37",
      "resolved": "https://registry.npmjs.org/@syncfusion/ej2-navigations/-/ej2-navigations-25.1.37.tgz",
      "integrity": "sha512-kOauyN7h5V7vg8n44JUx7FJ+HlcfeBnl8UrNQ5v5YDzoCDGdL+7hz2sU/z2CkT1eSj7ee+j+oy/ohRfM9eeWrw==",
      "dependencies": {
        "@syncfusion/ej2-base": "~25.1.35",
        "@syncfusion/ej2-buttons": "~25.1.35",
        "@syncfusion/ej2-data": "~25.1.35",
        "@syncfusion/ej2-inputs": "~25.1.37",
        "@syncfusion/ej2-lists": "~25.1.35",
        "@syncfusion/ej2-popups": "~25.1.35"
      }
    },
    "node_modules/@syncfusion/ej2-charts/node_modules/@syncfusion/ej2-popups": {
      "version": "25.1.35",
      "resolved": "https://registry.npmjs.org/@syncfusion/ej2-popups/-/ej2-popups-25.1.35.tgz",
      "integrity": "sha512-tuo2YpcnCWFZntR77Cy/8rrWWAgLgxiGQC2ffXD2fnwuw5+Sp04MagefyoriAOMglXQHvNh2e+9//pVDA0NcmA==",
      "dependencies": {
        "@syncfusion/ej2-base": "~25.1.35",
        "@syncfusion/ej2-buttons": "~25.1.35"
      }
    },
    "node_modules/@syncfusion/ej2-charts/node_modules/@syncfusion/ej2-splitbuttons": {
      "version": "25.1.37",
      "resolved": "https://registry.npmjs.org/@syncfusion/ej2-splitbuttons/-/ej2-splitbuttons-25.1.37.tgz",
      "integrity": "sha512-N5IC6r7DBZgDh/MM1x5YezOiQfG2acjr6TKzANJd/OBeU70sOovwQTevfu6Pxa/2xCbdPCKwq7+95X1Zxx2Y2Q==",
      "dependencies": {
        "@syncfusion/ej2-base": "~25.1.35",
        "@syncfusion/ej2-popups": "~25.1.35"
      }
    },
    "node_modules/@syncfusion/ej2-compression": {
      "version": "25.1.35",
      "resolved": "https://registry.npmjs.org/@syncfusion/ej2-compression/-/ej2-compression-25.1.35.tgz",
      "integrity": "sha512-x9q6l9BOkM1fowejGUuKWK2sYFgZH5HPoVUwPpFXKXFvbJgzzVCAng+7Yojz5DIK7dfrR4KCLvp9jjqCVqZ5/Q==",
      "dependencies": {
        "@syncfusion/ej2-file-utils": "~25.1.35"
      }
    },
    "node_modules/@syncfusion/ej2-data": {
      "version": "23.2.4",
      "resolved": "https://registry.npmjs.org/@syncfusion/ej2-data/-/ej2-data-23.2.4.tgz",
      "integrity": "sha512-hVTo3pNOXLYgd5Au2E5AMUzeqstbwvqzr68bxgQoJJWjKd/hD3bKOQiPHaPbS8wvKgzs4mQ6rt/OuwoLErXALQ==",
      "dependencies": {
        "@syncfusion/ej2-base": "~23.2.4"
      }
    },
    "node_modules/@syncfusion/ej2-documenteditor": {
      "version": "25.1.37",
      "resolved": "https://registry.npmjs.org/@syncfusion/ej2-documenteditor/-/ej2-documenteditor-25.1.37.tgz",
      "integrity": "sha512-UViC+7pVBNyV2mobma/Uog5x54A1pbTqu7MFLK1r/dSBb5apa2QuVw5SD0N5dGNdK8hv0WOqpZNQ0/73l7zxSw==",
      "dependencies": {
        "@syncfusion/ej2-base": "~25.1.35",
        "@syncfusion/ej2-buttons": "~25.1.35",
        "@syncfusion/ej2-calendars": "~25.1.37",
        "@syncfusion/ej2-compression": "~25.1.35",
        "@syncfusion/ej2-dropdowns": "~25.1.37",
        "@syncfusion/ej2-file-utils": "~25.1.35",
        "@syncfusion/ej2-inputs": "~25.1.37",
        "@syncfusion/ej2-navigations": "~25.1.37",
        "@syncfusion/ej2-office-chart": "~25.1.35",
        "@syncfusion/ej2-popups": "~25.1.35",
        "@syncfusion/ej2-splitbuttons": "~25.1.37"
      }
    },
    "node_modules/@syncfusion/ej2-documenteditor/node_modules/@syncfusion/ej2-base": {
      "version": "25.1.35",
      "resolved": "https://registry.npmjs.org/@syncfusion/ej2-base/-/ej2-base-25.1.35.tgz",
      "integrity": "sha512-eH/zLft7j5jhbNquVNcKoDmlx+ZU/77mHAJwpG9Ad4+C/+7UcWlIi/RDORJ0QreosZM4gMyCYzxDAZ5QOI3txw==",
      "dependencies": {
        "@syncfusion/ej2-icons": "~25.1.35"
      },
      "bin": {
        "syncfusion-license": "bin/syncfusion-license.js"
      }
    },
    "node_modules/@syncfusion/ej2-documenteditor/node_modules/@syncfusion/ej2-buttons": {
      "version": "25.1.35",
      "resolved": "https://registry.npmjs.org/@syncfusion/ej2-buttons/-/ej2-buttons-25.1.35.tgz",
      "integrity": "sha512-4a3+OAkHdaJTxRd/QJln7PglxDeRa9yGpnuFUDOUaA0sf7gvBKumBg5JP1llSpblKaK7JSRs42QOL/EG/d075g==",
      "dependencies": {
        "@syncfusion/ej2-base": "~25.1.35"
      }
    },
    "node_modules/@syncfusion/ej2-documenteditor/node_modules/@syncfusion/ej2-data": {
      "version": "25.1.35",
      "resolved": "https://registry.npmjs.org/@syncfusion/ej2-data/-/ej2-data-25.1.35.tgz",
      "integrity": "sha512-eHWkoQcokKFiLUMpcw2IM1ul9v8HeRgIrUzowyWPpamuZASX8luczDy3VLR5AX0YeiE9aNv3QKsr04t4F1GRcQ==",
      "dependencies": {
        "@syncfusion/ej2-base": "~25.1.35"
      }
    },
    "node_modules/@syncfusion/ej2-documenteditor/node_modules/@syncfusion/ej2-dropdowns": {
      "version": "25.1.37",
      "resolved": "https://registry.npmjs.org/@syncfusion/ej2-dropdowns/-/ej2-dropdowns-25.1.37.tgz",
      "integrity": "sha512-kKvxXTxweHSgpu9NTeczNC78mdHcRT34rji0QYn+IDm//XQJLaSX68OwUCOXWGmSZxY+fwopYLzzhKnd6lBIhw==",
      "dependencies": {
        "@syncfusion/ej2-base": "~25.1.35",
        "@syncfusion/ej2-data": "~25.1.35",
        "@syncfusion/ej2-inputs": "~25.1.37",
        "@syncfusion/ej2-lists": "~25.1.35",
        "@syncfusion/ej2-navigations": "~25.1.37",
        "@syncfusion/ej2-notifications": "~25.1.35",
        "@syncfusion/ej2-popups": "~25.1.35"
      }
    },
    "node_modules/@syncfusion/ej2-documenteditor/node_modules/@syncfusion/ej2-icons": {
      "version": "25.1.35",
      "resolved": "https://registry.npmjs.org/@syncfusion/ej2-icons/-/ej2-icons-25.1.35.tgz",
      "integrity": "sha512-E8ypbeB9ISTsaj8Q29w3Ysh6HG35GOdTjfaU6JTCaZ9wP30q04B4WfN9lqcd42Q198qhynFAXd3lJyYev68aGw=="
    },
    "node_modules/@syncfusion/ej2-documenteditor/node_modules/@syncfusion/ej2-inputs": {
      "version": "25.1.37",
      "resolved": "https://registry.npmjs.org/@syncfusion/ej2-inputs/-/ej2-inputs-25.1.37.tgz",
      "integrity": "sha512-nXc2o1S4gm0Hqt5p4kczFw4jHJ6ekmUmpfSuiFcb9/xvIZRTqOEoVv/mJjh5rnps+JghQ9stvfasAFye8/cfjg==",
      "dependencies": {
        "@syncfusion/ej2-base": "~25.1.35",
        "@syncfusion/ej2-buttons": "~25.1.35",
        "@syncfusion/ej2-popups": "~25.1.35",
        "@syncfusion/ej2-splitbuttons": "~25.1.37"
      }
    },
    "node_modules/@syncfusion/ej2-documenteditor/node_modules/@syncfusion/ej2-lists": {
      "version": "25.1.35",
      "resolved": "https://registry.npmjs.org/@syncfusion/ej2-lists/-/ej2-lists-25.1.35.tgz",
      "integrity": "sha512-7aFOGU67t3V/AGTB/N4mU1eVGSYhPCwkPXsvsl4BN/YcrsthdC90AXbrKgUb3Hwbuynps+du/nEDH8ujK8LNRg==",
      "dependencies": {
        "@syncfusion/ej2-base": "~25.1.35",
        "@syncfusion/ej2-buttons": "~25.1.35",
        "@syncfusion/ej2-data": "~25.1.35",
        "@syncfusion/ej2-popups": "~25.1.35"
      }
    },
    "node_modules/@syncfusion/ej2-documenteditor/node_modules/@syncfusion/ej2-navigations": {
      "version": "25.1.37",
      "resolved": "https://registry.npmjs.org/@syncfusion/ej2-navigations/-/ej2-navigations-25.1.37.tgz",
      "integrity": "sha512-kOauyN7h5V7vg8n44JUx7FJ+HlcfeBnl8UrNQ5v5YDzoCDGdL+7hz2sU/z2CkT1eSj7ee+j+oy/ohRfM9eeWrw==",
      "dependencies": {
        "@syncfusion/ej2-base": "~25.1.35",
        "@syncfusion/ej2-buttons": "~25.1.35",
        "@syncfusion/ej2-data": "~25.1.35",
        "@syncfusion/ej2-inputs": "~25.1.37",
        "@syncfusion/ej2-lists": "~25.1.35",
        "@syncfusion/ej2-popups": "~25.1.35"
      }
    },
    "node_modules/@syncfusion/ej2-documenteditor/node_modules/@syncfusion/ej2-notifications": {
      "version": "25.1.35",
      "resolved": "https://registry.npmjs.org/@syncfusion/ej2-notifications/-/ej2-notifications-25.1.35.tgz",
      "integrity": "sha512-ioSI36uCSA9hxB8fiUAvI0u7c2eIs1sw3kC0cfL2HbGHHOmhWjm4yoTIl13sKoXU6Sv2A2V3xsFAf97cBTjFvA==",
      "dependencies": {
        "@syncfusion/ej2-base": "~25.1.35",
        "@syncfusion/ej2-buttons": "~25.1.35",
        "@syncfusion/ej2-popups": "~25.1.35"
      }
    },
    "node_modules/@syncfusion/ej2-documenteditor/node_modules/@syncfusion/ej2-popups": {
      "version": "25.1.35",
      "resolved": "https://registry.npmjs.org/@syncfusion/ej2-popups/-/ej2-popups-25.1.35.tgz",
      "integrity": "sha512-tuo2YpcnCWFZntR77Cy/8rrWWAgLgxiGQC2ffXD2fnwuw5+Sp04MagefyoriAOMglXQHvNh2e+9//pVDA0NcmA==",
      "dependencies": {
        "@syncfusion/ej2-base": "~25.1.35",
        "@syncfusion/ej2-buttons": "~25.1.35"
      }
    },
    "node_modules/@syncfusion/ej2-documenteditor/node_modules/@syncfusion/ej2-splitbuttons": {
      "version": "25.1.37",
      "resolved": "https://registry.npmjs.org/@syncfusion/ej2-splitbuttons/-/ej2-splitbuttons-25.1.37.tgz",
      "integrity": "sha512-N5IC6r7DBZgDh/MM1x5YezOiQfG2acjr6TKzANJd/OBeU70sOovwQTevfu6Pxa/2xCbdPCKwq7+95X1Zxx2Y2Q==",
      "dependencies": {
        "@syncfusion/ej2-base": "~25.1.35",
        "@syncfusion/ej2-popups": "~25.1.35"
      }
    },
    "node_modules/@syncfusion/ej2-dropdowns": {
      "version": "23.2.7",
      "resolved": "https://registry.npmjs.org/@syncfusion/ej2-dropdowns/-/ej2-dropdowns-23.2.7.tgz",
      "integrity": "sha512-KTYH5i128hP1N8kxPXT40qOzyLgz6q5UfEgIhI2UBDtxay4JK6X1dbsVomZIEpukQrrxUeV0dxn7OvAKy8nL0w==",
      "dependencies": {
        "@syncfusion/ej2-base": "~23.2.6",
        "@syncfusion/ej2-data": "~23.2.4",
        "@syncfusion/ej2-inputs": "~23.2.4",
        "@syncfusion/ej2-lists": "~23.2.4",
        "@syncfusion/ej2-navigations": "~23.2.7",
        "@syncfusion/ej2-notifications": "~23.2.5",
        "@syncfusion/ej2-popups": "~23.2.4"
      }
    },
    "node_modules/@syncfusion/ej2-excel-export": {
      "version": "25.1.35",
      "resolved": "https://registry.npmjs.org/@syncfusion/ej2-excel-export/-/ej2-excel-export-25.1.35.tgz",
      "integrity": "sha512-zqJ6e1iKY+ByUToROaTdjommnBjhW2FqycBONeDe0GzCT3lhPzT0LORLJHslYfC5kQopXzd8pwYVT85xHotF1w==",
      "dependencies": {
        "@syncfusion/ej2-base": "~25.1.35",
        "@syncfusion/ej2-compression": "~25.1.35"
      }
    },
    "node_modules/@syncfusion/ej2-excel-export/node_modules/@syncfusion/ej2-base": {
      "version": "25.1.35",
      "resolved": "https://registry.npmjs.org/@syncfusion/ej2-base/-/ej2-base-25.1.35.tgz",
      "integrity": "sha512-eH/zLft7j5jhbNquVNcKoDmlx+ZU/77mHAJwpG9Ad4+C/+7UcWlIi/RDORJ0QreosZM4gMyCYzxDAZ5QOI3txw==",
      "dependencies": {
        "@syncfusion/ej2-icons": "~25.1.35"
      },
      "bin": {
        "syncfusion-license": "bin/syncfusion-license.js"
      }
    },
    "node_modules/@syncfusion/ej2-excel-export/node_modules/@syncfusion/ej2-icons": {
      "version": "25.1.35",
      "resolved": "https://registry.npmjs.org/@syncfusion/ej2-icons/-/ej2-icons-25.1.35.tgz",
      "integrity": "sha512-E8ypbeB9ISTsaj8Q29w3Ysh6HG35GOdTjfaU6JTCaZ9wP30q04B4WfN9lqcd42Q198qhynFAXd3lJyYev68aGw=="
    },
    "node_modules/@syncfusion/ej2-file-utils": {
      "version": "25.1.35",
      "resolved": "https://registry.npmjs.org/@syncfusion/ej2-file-utils/-/ej2-file-utils-25.1.35.tgz",
      "integrity": "sha512-nBkZXnGtBt5MFpTkJdvvEKS65HGLa5UM1pQq34K/Cdx4YPlxzStQkVo4RyamXqwtadhLqmpKc9zGolHvUw7KvA=="
    },
    "node_modules/@syncfusion/ej2-icons": {
      "version": "23.2.4",
      "resolved": "https://registry.npmjs.org/@syncfusion/ej2-icons/-/ej2-icons-23.2.4.tgz",
      "integrity": "sha512-uWQ0RoFNw85jVn3LvRn2pcsW22aajJ5jQ8CP3Kn98lTbtHag+XL4b3qVkCzPDbgXGMPyc+IUuHz4JXly+wcv2Q=="
    },
    "node_modules/@syncfusion/ej2-inputs": {
      "version": "23.2.4",
      "resolved": "https://registry.npmjs.org/@syncfusion/ej2-inputs/-/ej2-inputs-23.2.4.tgz",
      "integrity": "sha512-GfMuQAHy7spiJxN8nyJLqqXqFeZXxMa5t1/x3fKXj1NkmIFDkWzCmPmhiclZh1zr4PtflK6m/EKDyirUSdTv3g==",
      "dependencies": {
        "@syncfusion/ej2-base": "~23.2.4",
        "@syncfusion/ej2-buttons": "~23.2.4",
        "@syncfusion/ej2-popups": "~23.2.4",
        "@syncfusion/ej2-splitbuttons": "~23.2.4"
      }
    },
    "node_modules/@syncfusion/ej2-lists": {
      "version": "23.2.4",
      "resolved": "https://registry.npmjs.org/@syncfusion/ej2-lists/-/ej2-lists-23.2.4.tgz",
      "integrity": "sha512-sBH/BRqUftRl+k8tF16aVX+9UD6ECoNPxLh4BRRXCuqw+VzKCyb9xVBLdqLjcU/3JLCHX9tc3X3OFtTMtk3nNw==",
      "dependencies": {
        "@syncfusion/ej2-base": "~23.2.4",
        "@syncfusion/ej2-buttons": "~23.2.4",
        "@syncfusion/ej2-data": "~23.2.4"
      }
    },
    "node_modules/@syncfusion/ej2-navigations": {
      "version": "23.2.7",
      "resolved": "https://registry.npmjs.org/@syncfusion/ej2-navigations/-/ej2-navigations-23.2.7.tgz",
      "integrity": "sha512-Pp0R6SOemct5XVBPHwJRtO7GCJvyg45CzEJ0tjyhAxvH951ntulZ3DbEVS+zQOTSjlfinna+XzZ9ykCvOFIK8Q==",
      "dependencies": {
        "@syncfusion/ej2-base": "~23.2.6",
        "@syncfusion/ej2-buttons": "~23.2.7",
        "@syncfusion/ej2-data": "~23.2.4",
        "@syncfusion/ej2-inputs": "~23.2.4",
        "@syncfusion/ej2-lists": "~23.2.4",
        "@syncfusion/ej2-popups": "~23.2.4"
      }
    },
    "node_modules/@syncfusion/ej2-notifications": {
      "version": "23.2.5",
      "resolved": "https://registry.npmjs.org/@syncfusion/ej2-notifications/-/ej2-notifications-23.2.5.tgz",
      "integrity": "sha512-sS4/qEgwshXB+Qj8emFJHIxgP2VxPpGpq71UU9l4GdIJ1iaDvtSEJAVp8Cxz7i84onmJgXtPj52fsTcD8Z/GoQ==",
      "dependencies": {
        "@syncfusion/ej2-base": "~23.2.4",
        "@syncfusion/ej2-buttons": "~23.2.4",
        "@syncfusion/ej2-popups": "~23.2.4"
      }
    },
    "node_modules/@syncfusion/ej2-office-chart": {
      "version": "25.1.35",
      "resolved": "https://registry.npmjs.org/@syncfusion/ej2-office-chart/-/ej2-office-chart-25.1.35.tgz",
      "integrity": "sha512-JnXozZSdIU4189b6EOFPrwbbeeZZSexhWfLtt2LjiKJiiPqzeQOTxZdY6lW1zAfkhXrxO34YI1cWeD1bu52QWA==",
      "dependencies": {
        "@syncfusion/ej2-charts": "~25.1.35"
      }
    },
    "node_modules/@syncfusion/ej2-pdf-export": {
      "version": "25.1.35",
      "resolved": "https://registry.npmjs.org/@syncfusion/ej2-pdf-export/-/ej2-pdf-export-25.1.35.tgz",
      "integrity": "sha512-1Nt42y2n0/ExDfx93eV5aGJipU9rrJzvFa7xfRqtGObldll5S7yBpMKU6NDEoioeW+woOib4ea9+8vBtkQ+DnQ==",
      "dependencies": {
        "@syncfusion/ej2-compression": "~25.1.35"
      }
    },
    "node_modules/@syncfusion/ej2-popups": {
      "version": "23.2.4",
      "resolved": "https://registry.npmjs.org/@syncfusion/ej2-popups/-/ej2-popups-23.2.4.tgz",
      "integrity": "sha512-ONq3Wf2BKA0u/i6P039nB6GC9/Lh0pIRlYyWj55/A8+4Ct4CVVu/fIDbuQeK+Y2HPAmS+aBhMCPbROl0eicrjw==",
      "dependencies": {
        "@syncfusion/ej2-base": "~23.2.4",
        "@syncfusion/ej2-buttons": "~23.2.4"
      }
    },
    "node_modules/@syncfusion/ej2-splitbuttons": {
      "version": "23.2.4",
      "resolved": "https://registry.npmjs.org/@syncfusion/ej2-splitbuttons/-/ej2-splitbuttons-23.2.4.tgz",
      "integrity": "sha512-e94DT1lfy671RUkt4A+xnYSW2Ug6rPRnircS29A3c8gqEtTghOUc0929Be7cDviIUVkvg+/oYAfgGfcS6s5pzA==",
      "dependencies": {
        "@syncfusion/ej2-base": "~23.2.4",
        "@syncfusion/ej2-popups": "~23.2.4"
      }
    },
    "node_modules/@syncfusion/ej2-svg-base": {
      "version": "25.1.37",
      "resolved": "https://registry.npmjs.org/@syncfusion/ej2-svg-base/-/ej2-svg-base-25.1.37.tgz",
      "integrity": "sha512-TQ2IOLRFKUJ1G+Oh9GIqxD0gI0JyD204kO/HH++eYeLJMcrysVYNOfWHlfGYzdQQ9bniZ67ZJjY5G/YDd7HGrQ==",
      "dependencies": {
        "@syncfusion/ej2-base": "~25.1.35"
      }
    },
    "node_modules/@syncfusion/ej2-svg-base/node_modules/@syncfusion/ej2-base": {
      "version": "25.1.35",
      "resolved": "https://registry.npmjs.org/@syncfusion/ej2-base/-/ej2-base-25.1.35.tgz",
      "integrity": "sha512-eH/zLft7j5jhbNquVNcKoDmlx+ZU/77mHAJwpG9Ad4+C/+7UcWlIi/RDORJ0QreosZM4gMyCYzxDAZ5QOI3txw==",
      "dependencies": {
        "@syncfusion/ej2-icons": "~25.1.35"
      },
      "bin": {
        "syncfusion-license": "bin/syncfusion-license.js"
      }
    },
    "node_modules/@syncfusion/ej2-svg-base/node_modules/@syncfusion/ej2-icons": {
      "version": "25.1.35",
      "resolved": "https://registry.npmjs.org/@syncfusion/ej2-icons/-/ej2-icons-25.1.35.tgz",
      "integrity": "sha512-E8ypbeB9ISTsaj8Q29w3Ysh6HG35GOdTjfaU6JTCaZ9wP30q04B4WfN9lqcd42Q198qhynFAXd3lJyYev68aGw=="
    },
    "node_modules/core-js": {
      "version": "3.36.1",
      "resolved": "https://registry.npmjs.org/core-js/-/core-js-3.36.1.tgz",
      "integrity": "sha512-BTvUrwxVBezj5SZ3f10ImnX2oRByMxql3EimVqMysepbC9EeMUOpLwdy6Eoili2x6E4kf+ZUB5k/+Jv55alPfA==",
      "hasInstallScript": true,
      "funding": {
        "type": "opencollective",
        "url": "https://opencollective.com/core-js"
      }
    },
    "node_modules/reflect-metadata": {
      "version": "0.1.14",
      "resolved": "https://registry.npmjs.org/reflect-metadata/-/reflect-metadata-0.1.14.tgz",
      "integrity": "sha512-ZhYeb6nRaXCfhnndflDK8qI6ZQ/YcWZCISRAWICW9XYqMUwjZM9Z0DveWX/ABN01oxSHwVxKQmxeYZSsm0jh5A=="
    },
    "node_modules/rxjs": {
      "version": "6.6.7",
      "resolved": "https://registry.npmjs.org/rxjs/-/rxjs-6.6.7.tgz",
      "integrity": "sha512-hTdwr+7yYNIT5n4AMYp85KA6yw2Va0FLa3Rguvbpa4W3I5xynaBZo41cM3XM+4Q6fRMj3sBYIR1VAmZMXYJvRQ==",
      "dependencies": {
        "tslib": "^1.9.0"
      },
      "engines": {
        "npm": ">=2.0.0"
      }
    },
    "node_modules/rxjs-compat": {
      "version": "6.6.7",
      "resolved": "https://registry.npmjs.org/rxjs-compat/-/rxjs-compat-6.6.7.tgz",
      "integrity": "sha512-szN4fK+TqBPOFBcBcsR0g2cmTTUF/vaFEOZNuSdfU8/pGFnNmmn2u8SystYXG1QMrjOPBc6XTKHMVfENDf6hHw=="
    },
    "node_modules/rxjs/node_modules/tslib": {
      "version": "1.14.1",
      "resolved": "https://registry.npmjs.org/tslib/-/tslib-1.14.1.tgz",
      "integrity": "sha512-Xni35NKzjgMrwevysHTCArtLDpPvye8zV/0E4EyYn43P7/7qvQwPh9BGkHewbMulVntbigmcT7rdX3BNo9wRJg=="
    },
    "node_modules/tslib": {
      "version": "2.6.2",
      "resolved": "https://registry.npmjs.org/tslib/-/tslib-2.6.2.tgz",
      "integrity": "sha512-AEYxH93jGFPn/a2iVAwW87VuUIkR1FVUKB77NwMF7nBTDkDrrT/Hpt/IrCJ0QXhW27jTBDcf5ZY7w6RiqTMw2Q=="
    },
    "node_modules/zone.js": {
      "version": "0.10.3",
      "resolved": "https://registry.npmjs.org/zone.js/-/zone.js-0.10.3.tgz",
      "integrity": "sha512-LXVLVEq0NNOqK/fLJo3d0kfzd4sxwn2/h67/02pjCjfKDxgx1i9QqpvtHD8CrBnSSwMw5+dy11O7FRX5mkO7Cg=="
    }
  }
}
