{
  "name": "@eqproject/eqp-datetimerangepicker",
  "version": "3.0.2",
  "lockfileVersion": 3,
  "requires": true,
  "packages": {
    "": {
      "name": "@eqproject/eqp-datetimerangepicker",
      "version": "3.0.2",
      "license": "MIT",
      "dependencies": {
        "@angular-material-components/datetime-picker": "^16.0.1",
        "@angular-material-components/moment-adapter": "16.0.1",
        "@angular/material-moment-adapter": "^17.0.1",
        "@ng-bootstrap/ng-bootstrap": "^16.0.0",
        "@ngx-translate/core": "^15.0.0",
        "@ngx-translate/http-loader": "^8.0.0",
        "@popperjs/core": "^2.11.8",
        "bootstrap": "^5.3.2",
        "moment": "^2.29.4",
        "ngx-translate": "^0.0.1-security"
      },
      "peerDependencies": {
        "@angular/animations": "^17.0.4",
        "@angular/cdk": "^17.0.1",
        "@angular/common": "^17.0.4",
        "@angular/core": "^17.0.4",
        "@angular/forms": "^17.0.4",
        "@angular/material": "^17.0.1",
        "tslib": "^2.6.2",
        "typescript": "5.2.2"
      }
    },
    "node_modules/@angular-material-components/datetime-picker": {
      "version": "16.0.1",
      "resolved": "https://registry.npmjs.org/@angular-material-components/datetime-picker/-/datetime-picker-16.0.1.tgz",
      "integrity": "sha512-dbkwWiC8qL7NVlMclb1hvuZvuP2l1nvfnnmijEc/zGsoWeoLNDXn/+z/UQtMcbUphcwCzFt9CfHhhpGUGgQLgw==",
      "dependencies": {
        "tslib": "^2.3.0"
      },
      "peerDependencies": {
        "@angular/cdk": "^16.0.0",
        "@angular/common": "^16.0.0",
        "@angular/core": "^16.0.0",
        "@angular/forms": "^16.0.0",
        "@angular/material": "^16.0.0",
        "@angular/platform-browser": "^16.0.0"
      }
    },
    "node_modules/@angular-material-components/moment-adapter": {
      "version": "16.0.1",
      "resolved": "https://registry.npmjs.org/@angular-material-components/moment-adapter/-/moment-adapter-16.0.1.tgz",
      "integrity": "sha512-ijqi57Sf+nksfdDQ82rYFKOnMzuYXbbq6pGsSEvXkDyckcwcKdeNM3ETC7f45sQVIz+iUw0r5IkpiLgDzS6lYQ==",
      "dependencies": {
        "tslib": "^2.3.0"
      },
      "peerDependencies": {
        "@angular/common": "^16.0.0",
        "@angular/core": "^16.0.0",
        "moment": "^2.18.1"
      }
    },
    "node_modules/@angular/material-moment-adapter": {
      "version": "17.3.1",
      "resolved": "https://registry.npmjs.org/@angular/material-moment-adapter/-/material-moment-adapter-17.3.1.tgz",
      "integrity": "sha512-42NyZgw+IkMwt995mVuUNbYR+DFjZYYZVdAeDPVVyaxqdXp6HXAfkW6knoH2dP8S0RbBaE+mwgjI34WPRce0tQ==",
      "dependencies": {
        "tslib": "^2.3.0"
      },
      "peerDependencies": {
        "@angular/core": "^17.0.0 || ^18.0.0",
        "@angular/material": "17.3.1",
        "moment": "^2.18.1"
      }
    },
    "node_modules/@ng-bootstrap/ng-bootstrap": {
      "version": "16.0.0",
      "resolved": "https://registry.npmjs.org/@ng-bootstrap/ng-bootstrap/-/ng-bootstrap-16.0.0.tgz",
      "integrity": "sha512-+FJ3e6cX9DW2t7021Ji3oz433rk3+4jLfqzU+Jyx6/vJz1dIOaML3EAY6lYuW4TLiXgMPOMvs6KzPFALGh4Lag==",
      "dependencies": {
        "tslib": "^2.3.0"
      },
      "peerDependencies": {
        "@angular/common": "^17.0.0",
        "@angular/core": "^17.0.0",
        "@angular/forms": "^17.0.0",
        "@angular/localize": "^17.0.0",
        "@popperjs/core": "^2.11.8",
        "rxjs": "^6.5.3 || ^7.4.0"
      }
    },
    "node_modules/@ngx-translate/core": {
      "version": "15.0.0",
      "resolved": "https://registry.npmjs.org/@ngx-translate/core/-/core-15.0.0.tgz",
      "integrity": "sha512-Am5uiuR0bOOxyoercDnAA3rJVizo4RRqJHo8N3RqJ+XfzVP/I845yEnMADykOHvM6HkVm4SZSnJBOiz0Anx5BA==",
      "engines": {
        "node": "^16.13.0 || >=18.10.0"
      },
      "peerDependencies": {
        "@angular/common": ">=16.0.0",
        "@angular/core": ">=16.0.0",
        "rxjs": "^6.5.5 || ^7.4.0"
      }
    },
    "node_modules/@ngx-translate/http-loader": {
      "version": "8.0.0",
      "resolved": "https://registry.npmjs.org/@ngx-translate/http-loader/-/http-loader-8.0.0.tgz",
      "integrity": "sha512-SFMsdUcmHF5OdZkL1CHEoSAwbP5EbAOPTLLboOCRRoOg21P4GJx+51jxGdJeGve6LSKLf4Pay7BkTwmE6vxYlg==",
      "engines": {
        "node": "^16.13.0 || >=18.10.0"
      },
      "peerDependencies": {
        "@angular/common": ">=16.0.0",
        "@angular/core": ">=16.0.0",
        "@ngx-translate/core": ">=15.0.0",
        "rxjs": "^6.5.5 || ^7.4.0"
      }
    },
    "node_modules/@popperjs/core": {
      "version": "2.11.8",
      "resolved": "https://registry.npmjs.org/@popperjs/core/-/core-2.11.8.tgz",
      "integrity": "sha512-P1st0aksCrn9sGZhp8GMYwBnQsbvAWsZAX44oXNNvLHGqAOcoVxmjZiohstwQ7SqKnbR47akdNi+uleWD8+g6A==",
      "funding": {
        "type": "opencollective",
        "url": "https://opencollective.com/popperjs"
      }
    },
    "node_modules/bootstrap": {
      "version": "5.3.3",
      "resolved": "https://registry.npmjs.org/bootstrap/-/bootstrap-5.3.3.tgz",
      "integrity": "sha512-8HLCdWgyoMguSO9o+aH+iuZ+aht+mzW0u3HIMzVu7Srrpv7EBBxTnrFlSCskwdY1+EOFQSm7uMJhNQHkdPcmjg==",
      "funding": [
        {
          "type": "github",
          "url": "https://github.com/sponsors/twbs"
        },
        {
          "type": "opencollective",
          "url": "https://opencollective.com/bootstrap"
        }
      ],
      "peerDependencies": {
        "@popperjs/core": "^2.11.8"
      }
    },
    "node_modules/moment": {
      "version": "2.30.1",
      "resolved": "https://registry.npmjs.org/moment/-/moment-2.30.1.tgz",
      "integrity": "sha512-uEmtNhbDOrWPFS+hdjFCBfy9f2YoyzRpwcl+DqpC6taX21FzsTLQVbMV/W7PzNSX6x/bhC1zA3c2UQ5NzH6how==",
      "engines": {
        "node": "*"
      }
    },
    "node_modules/ngx-translate": {
      "version": "0.0.1-security",
      "resolved": "https://registry.npmjs.org/ngx-translate/-/ngx-translate-0.0.1-security.tgz",
      "integrity": "sha512-IkSARdHmTjKVtD0FsmbztF/LORxPcr3Bfv0SutDIMVGGLXwb8H3Y7062fA+zW0gOS56nxiTJLtxEd63DCTMfIQ=="
    },
    "node_modules/tslib": {
      "version": "2.6.2",
      "resolved": "https://registry.npmjs.org/tslib/-/tslib-2.6.2.tgz",
      "integrity": "sha512-AEYxH93jGFPn/a2iVAwW87VuUIkR1FVUKB77NwMF7nBTDkDrrT/Hpt/IrCJ0QXhW27jTBDcf5ZY7w6RiqTMw2Q=="
    }
  }
}
