{
  "name": "@eqproject/eqp-dashboard",
  "version": "3.0.0",
  "lockfileVersion": 3,
  "requires": true,
  "packages": {
    "": {
      "name": "@eqproject/eqp-dashboard",
      "version": "3.0.0",
      "license": "MIT",
      "dependencies": {
        "@eqproject/eqp-datetimerangepicker": "latest",
        "@eqproject/eqp-select": "latest",
        "@juggle/resize-observer": "^3.4.0",
        "@ngx-translate/core": "^15.0.0",
        "@ngx-translate/http-loader": "^8.0.0",
        "bootstrap": "^5.3.2",
        "echarts": "^5.4.3",
        "masonry-layout": "^4.2.2",
        "ngx-echarts": "^17.1.0",
        "ngx-masonry": "^14.0.1",
        "resize-observer-polyfill": "^1.5.1"
      },
      "peerDependencies": {
        "@angular/common": "^17.0.4",
        "@angular/core": "^17.0.4",
        "tslib": "^2.6.2",
        "typescript": "5.2.2"
      }
    },
    "node_modules/@angular-material-components/datetime-picker": {
      "version": "16.0.1",
      "resolved": "https://registry.npmjs.org/@angular-material-components/datetime-picker/-/datetime-picker-16.0.1.tgz",
      "integrity": "sha512-dbkwWiC8qL7NVlMclb1hvuZvuP2l1nvfnnmijEc/zGsoWeoLNDXn/+z/UQtMcbUphcwCzFt9CfHhhpGUGgQLgw==",
      "dependencies": {
        "tslib": "^2.3.0"
      },
      "peerDependencies": {
        "@angular/cdk": "^16.0.0",
        "@angular/common": "^16.0.0",
        "@angular/core": "^16.0.0",
        "@angular/forms": "^16.0.0",
        "@angular/material": "^16.0.0",
        "@angular/platform-browser": "^16.0.0"
      }
    },
    "node_modules/@angular-material-components/moment-adapter": {
      "version": "16.0.1",
      "resolved": "https://registry.npmjs.org/@angular-material-components/moment-adapter/-/moment-adapter-16.0.1.tgz",
      "integrity": "sha512-ijqi57Sf+nksfdDQ82rYFKOnMzuYXbbq6pGsSEvXkDyckcwcKdeNM3ETC7f45sQVIz+iUw0r5IkpiLgDzS6lYQ==",
      "dependencies": {
        "tslib": "^2.3.0"
      },
      "peerDependencies": {
        "@angular/common": "^16.0.0",
        "@angular/core": "^16.0.0",
        "moment": "^2.18.1"
      }
    },
    "node_modules/@angular/material-moment-adapter": {
      "version": "17.3.1",
      "resolved": "https://registry.npmjs.org/@angular/material-moment-adapter/-/material-moment-adapter-17.3.1.tgz",
      "integrity": "sha512-42NyZgw+IkMwt995mVuUNbYR+DFjZYYZVdAeDPVVyaxqdXp6HXAfkW6knoH2dP8S0RbBaE+mwgjI34WPRce0tQ==",
      "dependencies": {
        "tslib": "^2.3.0"
      },
      "peerDependencies": {
        "@angular/core": "^17.0.0 || ^18.0.0",
        "@angular/material": "17.3.1",
        "moment": "^2.18.1"
      }
    },
    "node_modules/@eqproject/eqp-datetimerangepicker": {
      "version": "3.0.2",
      "resolved": "https://registry.npmjs.org/@eqproject/eqp-datetimerangepicker/-/eqp-datetimerangepicker-3.0.2.tgz",
      "integrity": "sha512-Uywl3ZyRk1vc6Bj+Wdo/xCsRrk1K7LeVgIO1d392fStAFqP9SMTG1Plttf18X5bdWYy17QhEJKmAgO/nn0j66w==",
      "dependencies": {
        "@angular-material-components/datetime-picker": "^16.0.1",
        "@angular-material-components/moment-adapter": "16.0.1",
        "@angular/material-moment-adapter": "^17.0.1",
        "@ng-bootstrap/ng-bootstrap": "^16.0.0",
        "@ngx-translate/core": "^15.0.0",
        "@ngx-translate/http-loader": "^8.0.0",
        "@popperjs/core": "^2.11.8",
        "bootstrap": "^5.3.2",
        "moment": "^2.29.4",
        "ngx-translate": "^0.0.1-security",
        "tslib": "^2.6.2"
      },
      "peerDependencies": {
        "@angular/animations": "^17.0.4",
        "@angular/cdk": "^17.0.1",
        "@angular/common": "^17.0.4",
        "@angular/core": "^17.0.4",
        "@angular/forms": "^17.0.4",
        "@angular/material": "^17.0.1",
        "typescript": "5.2.2"
      }
    },
    "node_modules/@eqproject/eqp-lookup": {
      "version": "3.0.0",
      "resolved": "https://registry.npmjs.org/@eqproject/eqp-lookup/-/eqp-lookup-3.0.0.tgz",
      "integrity": "sha512-zZJxbNEBIsUoRgSxov4OXJtB/ZHYrQu5QcvxwpL8qlBE/Q0zOW0YUOi0HAmWZGcJZOeOEGOLH9a1G7HxDsYhfQ==",
      "dependencies": {
        "tslib": "^2.6.2"
      },
      "peerDependencies": {
        "@angular/animations": "^17.0.4",
        "@angular/common": "^17.0.4",
        "@angular/core": "^17.0.4",
        "@angular/forms": "^17.0.4",
        "@ng-select/ng-select": "^12.0.4"
      }
    },
    "node_modules/@eqproject/eqp-select": {
      "version": "3.0.0",
      "resolved": "https://registry.npmjs.org/@eqproject/eqp-select/-/eqp-select-3.0.0.tgz",
      "integrity": "sha512-49VjFuWjofXqN/2mGgkQZq6c2INpa+9F50aIk6zr0v2ROroCtKTkmN6q4fr9gszNOn0y2TTiw204rpfzylXwhQ==",
      "dependencies": {
        "@eqproject/eqp-lookup": "latest",
        "@ngx-translate/core": "^15.0.0",
        "@ngx-translate/http-loader": "^8.0.0",
        "tslib": "^2.3.0"
      },
      "peerDependencies": {
        "@angular/animations": "^17.0.4",
        "@angular/cdk": "^17.0.1",
        "@angular/common": "^17.0.4",
        "@angular/core": "^17.0.4",
        "@angular/forms": "^17.0.4",
        "@angular/material": "^17.0.1"
      }
    },
    "node_modules/@juggle/resize-observer": {
      "version": "3.4.0",
      "resolved": "https://registry.npmjs.org/@juggle/resize-observer/-/resize-observer-3.4.0.tgz",
      "integrity": "sha512-dfLbk+PwWvFzSxwk3n5ySL0hfBog779o8h68wK/7/APo/7cgyWp5jcXockbxdk5kFRkbeXWm4Fbi9FrdN381sA=="
    },
    "node_modules/@ng-bootstrap/ng-bootstrap": {
      "version": "16.0.0",
      "resolved": "https://registry.npmjs.org/@ng-bootstrap/ng-bootstrap/-/ng-bootstrap-16.0.0.tgz",
      "integrity": "sha512-+FJ3e6cX9DW2t7021Ji3oz433rk3+4jLfqzU+Jyx6/vJz1dIOaML3EAY6lYuW4TLiXgMPOMvs6KzPFALGh4Lag==",
      "dependencies": {
        "tslib": "^2.3.0"
      },
      "peerDependencies": {
        "@angular/common": "^17.0.0",
        "@angular/core": "^17.0.0",
        "@angular/forms": "^17.0.0",
        "@angular/localize": "^17.0.0",
        "@popperjs/core": "^2.11.8",
        "rxjs": "^6.5.3 || ^7.4.0"
      }
    },
    "node_modules/@ngx-translate/core": {
      "version": "15.0.0",
      "resolved": "https://registry.npmjs.org/@ngx-translate/core/-/core-15.0.0.tgz",
      "integrity": "sha512-Am5uiuR0bOOxyoercDnAA3rJVizo4RRqJHo8N3RqJ+XfzVP/I845yEnMADykOHvM6HkVm4SZSnJBOiz0Anx5BA==",
      "engines": {
        "node": "^16.13.0 || >=18.10.0"
      },
      "peerDependencies": {
        "@angular/common": ">=16.0.0",
        "@angular/core": ">=16.0.0",
        "rxjs": "^6.5.5 || ^7.4.0"
      }
    },
    "node_modules/@ngx-translate/http-loader": {
      "version": "8.0.0",
      "resolved": "https://registry.npmjs.org/@ngx-translate/http-loader/-/http-loader-8.0.0.tgz",
      "integrity": "sha512-SFMsdUcmHF5OdZkL1CHEoSAwbP5EbAOPTLLboOCRRoOg21P4GJx+51jxGdJeGve6LSKLf4Pay7BkTwmE6vxYlg==",
      "engines": {
        "node": "^16.13.0 || >=18.10.0"
      },
      "peerDependencies": {
        "@angular/common": ">=16.0.0",
        "@angular/core": ">=16.0.0",
        "@ngx-translate/core": ">=15.0.0",
        "rxjs": "^6.5.5 || ^7.4.0"
      }
    },
    "node_modules/@popperjs/core": {
      "version": "2.11.8",
      "resolved": "https://registry.npmjs.org/@popperjs/core/-/core-2.11.8.tgz",
      "integrity": "sha512-P1st0aksCrn9sGZhp8GMYwBnQsbvAWsZAX44oXNNvLHGqAOcoVxmjZiohstwQ7SqKnbR47akdNi+uleWD8+g6A==",
      "funding": {
        "type": "opencollective",
        "url": "https://opencollective.com/popperjs"
      }
    },
    "node_modules/bootstrap": {
      "version": "5.3.3",
      "resolved": "https://registry.npmjs.org/bootstrap/-/bootstrap-5.3.3.tgz",
      "integrity": "sha512-8HLCdWgyoMguSO9o+aH+iuZ+aht+mzW0u3HIMzVu7Srrpv7EBBxTnrFlSCskwdY1+EOFQSm7uMJhNQHkdPcmjg==",
      "funding": [
        {
          "type": "github",
          "url": "https://github.com/sponsors/twbs"
        },
        {
          "type": "opencollective",
          "url": "https://opencollective.com/bootstrap"
        }
      ],
      "peerDependencies": {
        "@popperjs/core": "^2.11.8"
      }
    },
    "node_modules/desandro-matches-selector": {
      "version": "2.0.2",
      "resolved": "https://registry.npmjs.org/desandro-matches-selector/-/desandro-matches-selector-2.0.2.tgz",
      "integrity": "sha512-+1q0nXhdzg1IpIJdMKalUwvvskeKnYyEe3shPRwedNcWtnhEKT3ZxvFjzywHDeGcKViIxTCAoOYQWP1qD7VNyg=="
    },
    "node_modules/echarts": {
      "version": "5.5.0",
      "resolved": "https://registry.npmjs.org/echarts/-/echarts-5.5.0.tgz",
      "integrity": "sha512-rNYnNCzqDAPCr4m/fqyUFv7fD9qIsd50S6GDFgO1DxZhncCsNsG7IfUlAlvZe5oSEQxtsjnHiUuppzccry93Xw==",
      "dependencies": {
        "tslib": "2.3.0",
        "zrender": "5.5.0"
      }
    },
    "node_modules/echarts/node_modules/tslib": {
      "version": "2.3.0",
      "resolved": "https://registry.npmjs.org/tslib/-/tslib-2.3.0.tgz",
      "integrity": "sha512-N82ooyxVNm6h1riLCoyS9e3fuJ3AMG2zIZs2Gd1ATcSFjSA23Q0fzjjZeh0jbJvWVDZ0cJT8yaNNaaXHzueNjg=="
    },
    "node_modules/ev-emitter": {
      "version": "1.1.1",
      "resolved": "https://registry.npmjs.org/ev-emitter/-/ev-emitter-1.1.1.tgz",
      "integrity": "sha512-ipiDYhdQSCZ4hSbX4rMW+XzNKMD1prg/sTvoVmSLkuQ1MVlwjJQQA+sW8tMYR3BLUr9KjodFV4pvzunvRhd33Q=="
    },
    "node_modules/fizzy-ui-utils": {
      "version": "2.0.7",
      "resolved": "https://registry.npmjs.org/fizzy-ui-utils/-/fizzy-ui-utils-2.0.7.tgz",
      "integrity": "sha512-CZXDVXQ1If3/r8s0T+v+qVeMshhfcuq0rqIFgJnrtd+Bu8GmDmqMjntjUePypVtjHXKJ6V4sw9zeyox34n9aCg==",
      "dependencies": {
        "desandro-matches-selector": "^2.0.0"
      }
    },
    "node_modules/get-size": {
      "version": "2.0.3",
      "resolved": "https://registry.npmjs.org/get-size/-/get-size-2.0.3.tgz",
      "integrity": "sha512-lXNzT/h/dTjTxRbm9BXb+SGxxzkm97h/PCIKtlN/CBCxxmkkIVV21udumMS93MuVTDX583gqc94v3RjuHmI+2Q=="
    },
    "node_modules/masonry-layout": {
      "version": "4.2.2",
      "resolved": "https://registry.npmjs.org/masonry-layout/-/masonry-layout-4.2.2.tgz",
      "integrity": "sha512-iGtAlrpHNyxaR19CvKC3npnEcAwszXoyJiI8ARV2ePi7fmYhIud25MHK8Zx4P0LCC4d3TNO9+rFa1KoK1OEOaA==",
      "dependencies": {
        "get-size": "^2.0.2",
        "outlayer": "^2.1.0"
      }
    },
    "node_modules/moment": {
      "version": "2.30.1",
      "resolved": "https://registry.npmjs.org/moment/-/moment-2.30.1.tgz",
      "integrity": "sha512-uEmtNhbDOrWPFS+hdjFCBfy9f2YoyzRpwcl+DqpC6taX21FzsTLQVbMV/W7PzNSX6x/bhC1zA3c2UQ5NzH6how==",
      "engines": {
        "node": "*"
      }
    },
    "node_modules/ngx-echarts": {
      "version": "17.1.0",
      "resolved": "https://registry.npmjs.org/ngx-echarts/-/ngx-echarts-17.1.0.tgz",
      "integrity": "sha512-DSNF/aKmJSxJWb9UwPUgNtY8Ma9SmViDBRacvAwpakc/5mJerunxndDgoBQkYk5JFKAjXX6bp4ZWLRKL3/5AGA==",
      "dependencies": {
        "tslib": "^2.3.0"
      },
      "peerDependencies": {
        "echarts": ">=5.0.0"
      }
    },
    "node_modules/ngx-masonry": {
      "version": "14.0.1",
      "resolved": "https://registry.npmjs.org/ngx-masonry/-/ngx-masonry-14.0.1.tgz",
      "integrity": "sha512-KsTmLbqSZqWFe6owK58OEqbZ+lGM6Yun2LqWlYBp5VQHkmb7bK1rVmQRPEFESY3pGx3kTn9ol3rchOuxUMNU+w==",
      "dependencies": {
        "tslib": "^2.0.0"
      },
      "peerDependencies": {
        "@angular/common": ">8.0.0",
        "@angular/core": ">8.0.0",
        "masonry-layout": "^4.2.0"
      }
    },
    "node_modules/ngx-translate": {
      "version": "0.0.1-security",
      "resolved": "https://registry.npmjs.org/ngx-translate/-/ngx-translate-0.0.1-security.tgz",
      "integrity": "sha512-IkSARdHmTjKVtD0FsmbztF/LORxPcr3Bfv0SutDIMVGGLXwb8H3Y7062fA+zW0gOS56nxiTJLtxEd63DCTMfIQ=="
    },
    "node_modules/outlayer": {
      "version": "2.1.1",
      "resolved": "https://registry.npmjs.org/outlayer/-/outlayer-2.1.1.tgz",
      "integrity": "sha512-+GplXsCQ3VrbGujAeHEzP9SXsBmJxzn/YdDSQZL0xqBmAWBmortu2Y9Gwdp9J0bgDQ8/YNIPMoBM13nTwZfAhw==",
      "dependencies": {
        "ev-emitter": "^1.0.0",
        "fizzy-ui-utils": "^2.0.0",
        "get-size": "^2.0.2"
      }
    },
    "node_modules/resize-observer-polyfill": {
      "version": "1.5.1",
      "resolved": "https://registry.npmjs.org/resize-observer-polyfill/-/resize-observer-polyfill-1.5.1.tgz",
      "integrity": "sha512-LwZrotdHOo12nQuZlHEmtuXdqGoOD0OhaxopaNFxWzInpEgaLWoVuAMbTzixuosCx2nEG58ngzW3vxdWoxIgdg=="
    },
    "node_modules/tslib": {
      "version": "2.6.2",
      "resolved": "https://registry.npmjs.org/tslib/-/tslib-2.6.2.tgz",
      "integrity": "sha512-AEYxH93jGFPn/a2iVAwW87VuUIkR1FVUKB77NwMF7nBTDkDrrT/Hpt/IrCJ0QXhW27jTBDcf5ZY7w6RiqTMw2Q=="
    },
    "node_modules/zrender": {
      "version": "5.5.0",
      "resolved": "https://registry.npmjs.org/zrender/-/zrender-5.5.0.tgz",
      "integrity": "sha512-O3MilSi/9mwoovx77m6ROZM7sXShR/O/JIanvzTwjN3FORfLSr81PsUGd7jlaYOeds9d8tw82oP44+3YucVo+w==",
      "dependencies": {
        "tslib": "2.3.0"
      }
    },
    "node_modules/zrender/node_modules/tslib": {
      "version": "2.3.0",
      "resolved": "https://registry.npmjs.org/tslib/-/tslib-2.3.0.tgz",
      "integrity": "sha512-N82ooyxVNm6h1riLCoyS9e3fuJ3AMG2zIZs2Gd1ATcSFjSA23Q0fzjjZeh0jbJvWVDZ0cJT8yaNNaaXHzueNjg=="
    }
  }
}
